// !$*UTF8*$!
{
	archiveVersion = 1;
	classes = {
	};
	objectVersion = 50;
	objects = {

/* Begin PBXBuildFile section */
		924151EB26C537920018F403 /* FriendsViewController.swift in Sources */ = {isa = PBXBuildFile; fileRef = 924151EA26C537920018F403 /* FriendsViewController.swift */; };
		924151EE26C53AB10018F403 /* FriendsTableViewCell.swift in Sources */ = {isa = PBXBuildFile; fileRef = 924151ED26C53AB10018F403 /* FriendsTableViewCell.swift */; };
		924151F426C553AE0018F403 /* MyGroupsViewController.swift in Sources */ = {isa = PBXBuildFile; fileRef = 924151F326C553AE0018F403 /* MyGroupsViewController.swift */; };
		924151FA26C559550018F403 /* GroupTableViewCell.swift in Sources */ = {isa = PBXBuildFile; fileRef = 924151F926C559550018F403 /* GroupTableViewCell.swift */; };
		9260A23326C15A9900408272 /* LoginViewController.swift in Sources */ = {isa = PBXBuildFile; fileRef = 9260A23226C15A9900408272 /* LoginViewController.swift */; };
		92623E3C26BD684B00011B1E /* AppDelegate.swift in Sources */ = {isa = PBXBuildFile; fileRef = 92623E3B26BD684B00011B1E /* AppDelegate.swift */; };
		92623E3E26BD684B00011B1E /* SceneDelegate.swift in Sources */ = {isa = PBXBuildFile; fileRef = 92623E3D26BD684B00011B1E /* SceneDelegate.swift */; };
		92623E4026BD684B00011B1E /* ViewController.swift in Sources */ = {isa = PBXBuildFile; fileRef = 92623E3F26BD684B00011B1E /* ViewController.swift */; };
		92623E4326BD684B00011B1E /* Main.storyboard in Resources */ = {isa = PBXBuildFile; fileRef = 92623E4126BD684B00011B1E /* Main.storyboard */; };
		92623E4526BD684D00011B1E /* Assets.xcassets in Resources */ = {isa = PBXBuildFile; fileRef = 92623E4426BD684D00011B1E /* Assets.xcassets */; };
		92623E4826BD684D00011B1E /* LaunchScreen.storyboard in Resources */ = {isa = PBXBuildFile; fileRef = 92623E4626BD684D00011B1E /* LaunchScreen.storyboard */; };
		927DA07E26D0ECC4008BBD3F /* UserPicView.swift in Sources */ = {isa = PBXBuildFile; fileRef = 927DA07D26D0ECC4008BBD3F /* UserPicView.swift */; };
		92C32FE326CD4B1D00668213 /* Friends.swift in Sources */ = {isa = PBXBuildFile; fileRef = 92C32FE226CD4B1D00668213 /* Friends.swift */; };
		92C32FE526CD4BDD00668213 /* Groups.swift in Sources */ = {isa = PBXBuildFile; fileRef = 92C32FE426CD4BDD00668213 /* Groups.swift */; };
		92C32FE726CD4FB800668213 /* Gallery.swift in Sources */ = {isa = PBXBuildFile; fileRef = 92C32FE626CD4FB800668213 /* Gallery.swift */; };
		92C32FEA26CD526500668213 /* FriendsStorage.swift in Sources */ = {isa = PBXBuildFile; fileRef = 92C32FE926CD526500668213 /* FriendsStorage.swift */; };
		92C32FEC26CD672000668213 /* AllUsersViewController.swift in Sources */ = {isa = PBXBuildFile; fileRef = 92C32FEB26CD672000668213 /* AllUsersViewController.swift */; };
		92C32FEE26CE412300668213 /* allUsersViewCell.swift in Sources */ = {isa = PBXBuildFile; fileRef = 92C32FED26CE412300668213 /* allUsersViewCell.swift */; };
		92C32FF326CE767500668213 /* GalleryViewController.swift in Sources */ = {isa = PBXBuildFile; fileRef = 92C32FF226CE767500668213 /* GalleryViewController.swift */; };
		92C32FF526CE7A8C00668213 /* GalleryViewCell.swift in Sources */ = {isa = PBXBuildFile; fileRef = 92C32FF426CE7A8C00668213 /* GalleryViewCell.swift */; };
		92F5D55626D399A00009132A /* isLikedView.swift in Sources */ = {isa = PBXBuildFile; fileRef = 92F5D55526D399A00009132A /* isLikedView.swift */; };
		92F5D55826D4E6060009132A /* GalleryCustomViewLayout.swift in Sources */ = {isa = PBXBuildFile; fileRef = 92F5D55726D4E6050009132A /* GalleryCustomViewLayout.swift */; };
		92F5D55A26D662B00009132A /*   allUsersHeaderViewCell.swift in Sources */ = {isa = PBXBuildFile; fileRef = 92F5D55926D662B00009132A /*   allUsersHeaderViewCell.swift */; };
		92F5D55C26DB7AF90009132A /* GroupsStorage.swift in Sources */ = {isa = PBXBuildFile; fileRef = 92F5D55B26DB7AF90009132A /* GroupsStorage.swift */; };
		92F5D55E26DB7C490009132A /* AllGroupsViewController.swift in Sources */ = {isa = PBXBuildFile; fileRef = 92F5D55D26DB7C490009132A /* AllGroupsViewController.swift */; };
		92F5D56026DB7C620009132A /* AllGroupsViewCell.swift in Sources */ = {isa = PBXBuildFile; fileRef = 92F5D55F26DB7C620009132A /* AllGroupsViewCell.swift */; };
		92F5D56226DCEDFF0009132A /* GroupPicView.swift in Sources */ = {isa = PBXBuildFile; fileRef = 92F5D56126DCEDFF0009132A /* GroupPicView.swift */; };
		92F5D56426E0C7B40009132A /* GalleryBigViewController.swift in Sources */ = {isa = PBXBuildFile; fileRef = 92F5D56326E0C7B30009132A /* GalleryBigViewController.swift */; };
		92F5D56626E0F3DE0009132A /* BigPhotoView.swift in Sources */ = {isa = PBXBuildFile; fileRef = 92F5D56526E0F3DE0009132A /* BigPhotoView.swift */; };
		92F5D56826E4ED730009132A /* BigPhotoViewOld.swift in Sources */ = {isa = PBXBuildFile; fileRef = 92F5D56726E4ED720009132A /* BigPhotoViewOld.swift */; };
		92F5D56D26E8E5A30009132A /* InteractiveTransition.swift in Sources */ = {isa = PBXBuildFile; fileRef = 92F5D56C26E8E5A30009132A /* InteractiveTransition.swift */; };
		92F5D57026E8E5B10009132A /* PushAnimator.swift in Sources */ = {isa = PBXBuildFile; fileRef = 92F5D56E26E8E5B10009132A /* PushAnimator.swift */; };
		92F5D57126E8E5B10009132A /* PopAnimator.swift in Sources */ = {isa = PBXBuildFile; fileRef = 92F5D56F26E8E5B10009132A /* PopAnimator.swift */; };
		92F5D57326E8EAB50009132A /* CustomNavigationAnimController.swift in Sources */ = {isa = PBXBuildFile; fileRef = 92F5D57226E8EAB50009132A /* CustomNavigationAnimController.swift */; };
		92F5D57526FC621F0009132A /* SingletoneSession.swift in Sources */ = {isa = PBXBuildFile; fileRef = 92F5D57426FC621E0009132A /* SingletoneSession.swift */; };
/* End PBXBuildFile section */

/* Begin PBXFileReference section */
		924151EA26C537920018F403 /* FriendsViewController.swift */ = {isa = PBXFileReference; lastKnownFileType = sourcecode.swift; path = FriendsViewController.swift; sourceTree = "<group>"; };
		924151ED26C53AB10018F403 /* FriendsTableViewCell.swift */ = {isa = PBXFileReference; lastKnownFileType = sourcecode.swift; path = FriendsTableViewCell.swift; sourceTree = "<group>"; };
		924151F326C553AE0018F403 /* MyGroupsViewController.swift */ = {isa = PBXFileReference; lastKnownFileType = sourcecode.swift; path = MyGroupsViewController.swift; sourceTree = "<group>"; };
		924151F926C559550018F403 /* GroupTableViewCell.swift */ = {isa = PBXFileReference; lastKnownFileType = sourcecode.swift; path = GroupTableViewCell.swift; sourceTree = "<group>"; };
		9260A23226C15A9900408272 /* LoginViewController.swift */ = {isa = PBXFileReference; lastKnownFileType = sourcecode.swift; path = LoginViewController.swift; sourceTree = "<group>"; };
		92623E3826BD684B00011B1E /* GoodFriends.app */ = {isa = PBXFileReference; explicitFileType = wrapper.application; includeInIndex = 0; path = GoodFriends.app; sourceTree = BUILT_PRODUCTS_DIR; };
		92623E3B26BD684B00011B1E /* AppDelegate.swift */ = {isa = PBXFileReference; lastKnownFileType = sourcecode.swift; path = AppDelegate.swift; sourceTree = "<group>"; };
		92623E3D26BD684B00011B1E /* SceneDelegate.swift */ = {isa = PBXFileReference; lastKnownFileType = sourcecode.swift; path = SceneDelegate.swift; sourceTree = "<group>"; };
		92623E3F26BD684B00011B1E /* ViewController.swift */ = {isa = PBXFileReference; lastKnownFileType = sourcecode.swift; path = ViewController.swift; sourceTree = "<group>"; };
		92623E4226BD684B00011B1E /* Base */ = {isa = PBXFileReference; lastKnownFileType = file.storyboard; name = Base; path = Base.lproj/Main.storyboard; sourceTree = "<group>"; };
		92623E4426BD684D00011B1E /* Assets.xcassets */ = {isa = PBXFileReference; lastKnownFileType = folder.assetcatalog; path = Assets.xcassets; sourceTree = "<group>"; };
		92623E4726BD684D00011B1E /* Base */ = {isa = PBXFileReference; lastKnownFileType = file.storyboard; name = Base; path = Base.lproj/LaunchScreen.storyboard; sourceTree = "<group>"; };
		92623E4926BD684D00011B1E /* Info.plist */ = {isa = PBXFileReference; lastKnownFileType = text.plist.xml; path = Info.plist; sourceTree = "<group>"; };
		927DA07D26D0ECC4008BBD3F /* UserPicView.swift */ = {isa = PBXFileReference; lastKnownFileType = sourcecode.swift; path = UserPicView.swift; sourceTree = "<group>"; };
		92C32FE226CD4B1D00668213 /* Friends.swift */ = {isa = PBXFileReference; lastKnownFileType = sourcecode.swift; path = Friends.swift; sourceTree = "<group>"; };
		92C32FE426CD4BDD00668213 /* Groups.swift */ = {isa = PBXFileReference; lastKnownFileType = sourcecode.swift; path = Groups.swift; sourceTree = "<group>"; };
		92C32FE626CD4FB800668213 /* Gallery.swift */ = {isa = PBXFileReference; lastKnownFileType = sourcecode.swift; path = Gallery.swift; sourceTree = "<group>"; };
		92C32FE926CD526500668213 /* FriendsStorage.swift */ = {isa = PBXFileReference; lastKnownFileType = sourcecode.swift; path = FriendsStorage.swift; sourceTree = "<group>"; };
		92C32FEB26CD672000668213 /* AllUsersViewController.swift */ = {isa = PBXFileReference; lastKnownFileType = sourcecode.swift; path = AllUsersViewController.swift; sourceTree = "<group>"; };
		92C32FED26CE412300668213 /* allUsersViewCell.swift */ = {isa = PBXFileReference; lastKnownFileType = sourcecode.swift; path = allUsersViewCell.swift; sourceTree = "<group>"; };
		92C32FF226CE767500668213 /* GalleryViewController.swift */ = {isa = PBXFileReference; lastKnownFileType = sourcecode.swift; path = GalleryViewController.swift; sourceTree = "<group>"; };
		92C32FF426CE7A8C00668213 /* GalleryViewCell.swift */ = {isa = PBXFileReference; lastKnownFileType = sourcecode.swift; path = GalleryViewCell.swift; sourceTree = "<group>"; };
		92F5D55526D399A00009132A /* isLikedView.swift */ = {isa = PBXFileReference; lastKnownFileType = sourcecode.swift; path = isLikedView.swift; sourceTree = "<group>"; };
		92F5D55726D4E6050009132A /* GalleryCustomViewLayout.swift */ = {isa = PBXFileReference; lastKnownFileType = sourcecode.swift; path = GalleryCustomViewLayout.swift; sourceTree = "<group>"; };
		92F5D55926D662B00009132A /*   allUsersHeaderViewCell.swift */ = {isa = PBXFileReference; lastKnownFileType = sourcecode.swift; path = "  allUsersHeaderViewCell.swift"; sourceTree = "<group>"; };
		92F5D55B26DB7AF90009132A /* GroupsStorage.swift */ = {isa = PBXFileReference; lastKnownFileType = sourcecode.swift; path = GroupsStorage.swift; sourceTree = "<group>"; };
		92F5D55D26DB7C490009132A /* AllGroupsViewController.swift */ = {isa = PBXFileReference; lastKnownFileType = sourcecode.swift; path = AllGroupsViewController.swift; sourceTree = "<group>"; };
		92F5D55F26DB7C620009132A /* AllGroupsViewCell.swift */ = {isa = PBXFileReference; lastKnownFileType = sourcecode.swift; path = AllGroupsViewCell.swift; sourceTree = "<group>"; };
		92F5D56126DCEDFF0009132A /* GroupPicView.swift */ = {isa = PBXFileReference; lastKnownFileType = sourcecode.swift; path = GroupPicView.swift; sourceTree = "<group>"; };
		92F5D56326E0C7B30009132A /* GalleryBigViewController.swift */ = {isa = PBXFileReference; lastKnownFileType = sourcecode.swift; path = GalleryBigViewController.swift; sourceTree = "<group>"; };
		92F5D56526E0F3DE0009132A /* BigPhotoView.swift */ = {isa = PBXFileReference; lastKnownFileType = sourcecode.swift; path = BigPhotoView.swift; sourceTree = "<group>"; };
		92F5D56726E4ED720009132A /* BigPhotoViewOld.swift */ = {isa = PBXFileReference; lastKnownFileType = sourcecode.swift; path = BigPhotoViewOld.swift; sourceTree = "<group>"; };
		92F5D56C26E8E5A30009132A /* InteractiveTransition.swift */ = {isa = PBXFileReference; fileEncoding = 4; lastKnownFileType = sourcecode.swift; path = InteractiveTransition.swift; sourceTree = "<group>"; };
		92F5D56E26E8E5B10009132A /* PushAnimator.swift */ = {isa = PBXFileReference; fileEncoding = 4; lastKnownFileType = sourcecode.swift; path = PushAnimator.swift; sourceTree = "<group>"; };
		92F5D56F26E8E5B10009132A /* PopAnimator.swift */ = {isa = PBXFileReference; fileEncoding = 4; lastKnownFileType = sourcecode.swift; path = PopAnimator.swift; sourceTree = "<group>"; };
		92F5D57226E8EAB50009132A /* CustomNavigationAnimController.swift */ = {isa = PBXFileReference; lastKnownFileType = sourcecode.swift; path = CustomNavigationAnimController.swift; sourceTree = "<group>"; };
		92F5D57426FC621E0009132A /* SingletoneSession.swift */ = {isa = PBXFileReference; lastKnownFileType = sourcecode.swift; path = SingletoneSession.swift; sourceTree = "<group>"; };
/* End PBXFileReference section */

/* Begin PBXFrameworksBuildPhase section */
		92623E3526BD684B00011B1E /* Frameworks */ = {
			isa = PBXFrameworksBuildPhase;
			buildActionMask = 2147483647;
			files = (
			);
			runOnlyForDeploymentPostprocessing = 0;
		};
/* End PBXFrameworksBuildPhase section */

/* Begin PBXGroup section */
		924151E726C536B40018F403 /* Friends */ = {
			isa = PBXGroup;
			children = (
				924151EC26C53A400018F403 /* Cell */,
				924151E926C5371B0018F403 /* Controller */,
			);
			path = Friends;
			sourceTree = "<group>";
		};
		924151E826C536C00018F403 /* AllUsers */ = {
			isa = PBXGroup;
			children = (
				92C32FEB26CD672000668213 /* AllUsersViewController.swift */,
				92C32FED26CE412300668213 /* allUsersViewCell.swift */,
				92F5D55926D662B00009132A /*   allUsersHeaderViewCell.swift */,
			);
			path = AllUsers;
			sourceTree = "<group>";
		};
		924151E926C5371B0018F403 /* Controller */ = {
			isa = PBXGroup;
			children = (
				924151EA26C537920018F403 /* FriendsViewController.swift */,
			);
			path = Controller;
			sourceTree = "<group>";
		};
		924151EC26C53A400018F403 /* Cell */ = {
			isa = PBXGroup;
			children = (
				924151ED26C53AB10018F403 /* FriendsTableViewCell.swift */,
			);
			path = Cell;
			sourceTree = "<group>";
		};
		924151EF26C5524A0018F403 /* MyGroups */ = {
			isa = PBXGroup;
			children = (
				924151F226C552B00018F403 /* ControllerGroup */,
				924151F126C5529D0018F403 /* CellGroup */,
			);
			path = MyGroups;
			sourceTree = "<group>";
		};
		924151F026C5526B0018F403 /* AllGroups */ = {
			isa = PBXGroup;
			children = (
				92F5D55D26DB7C490009132A /* AllGroupsViewController.swift */,
				92F5D55F26DB7C620009132A /* AllGroupsViewCell.swift */,
			);
			path = AllGroups;
			sourceTree = "<group>";
		};
		924151F126C5529D0018F403 /* CellGroup */ = {
			isa = PBXGroup;
			children = (
				924151F926C559550018F403 /* GroupTableViewCell.swift */,
			);
			path = CellGroup;
			sourceTree = "<group>";
		};
		924151F226C552B00018F403 /* ControllerGroup */ = {
			isa = PBXGroup;
			children = (
				924151F326C553AE0018F403 /* MyGroupsViewController.swift */,
			);
			path = ControllerGroup;
			sourceTree = "<group>";
		};
		9260A22F26C147ED00408272 /* Test */ = {
			isa = PBXGroup;
			children = (
				92623E3F26BD684B00011B1E /* ViewController.swift */,
				92F5D57426FC621E0009132A /* SingletoneSession.swift */,
			);
			path = Test;
			sourceTree = "<group>";
		};
		9260A23026C15A0200408272 /* Login */ = {
			isa = PBXGroup;
			children = (
				9260A23226C15A9900408272 /* LoginViewController.swift */,
			);
			path = Login;
			sourceTree = "<group>";
		};
		9260A23126C15A4500408272 /* Presentation */ = {
			isa = PBXGroup;
			children = (
				92C32FEF26CE763500668213 /* UserGallery */,
				924151E826C536C00018F403 /* AllUsers */,
				924151F026C5526B0018F403 /* AllGroups */,
				924151EF26C5524A0018F403 /* MyGroups */,
				924151E726C536B40018F403 /* Friends */,
				9260A23026C15A0200408272 /* Login */,
			);
			path = Presentation;
			sourceTree = "<group>";
		};
		92623E2F26BD684B00011B1E = {
			isa = PBXGroup;
			children = (
				92623E4126BD684B00011B1E /* Main.storyboard */,
				92623E3A26BD684B00011B1E /* GoodWeather */,
				92623E3926BD684B00011B1E /* Products */,
			);
			sourceTree = "<group>";
		};
		92623E3926BD684B00011B1E /* Products */ = {
			isa = PBXGroup;
			children = (
				92623E3826BD684B00011B1E /* GoodFriends.app */,
			);
			name = Products;
			sourceTree = "<group>";
		};
		92623E3A26BD684B00011B1E /* GoodWeather */ = {
			isa = PBXGroup;
			children = (
				92F5D56926E8E5530009132A /* ANIMATED NAVIGATION */,
				927DA07C26D0ECA4008BBD3F /* Custom Views */,
				92C32FE826CD524400668213 /* Storage */,
				92C32FE126CD4AAA00668213 /* Models */,
				92623E4F26BD68B200011B1E /* Delegate */,
				9260A22F26C147ED00408272 /* Test */,
				9260A23126C15A4500408272 /* Presentation */,
				92623E5126BD69FB00011B1E /* Library */,
				92623E5026BD68C800011B1E /* Config */,
			);
			path = GoodWeather;
			sourceTree = "<group>";
		};
		92623E4F26BD68B200011B1E /* Delegate */ = {
			isa = PBXGroup;
			children = (
				92623E3B26BD684B00011B1E /* AppDelegate.swift */,
				92623E3D26BD684B00011B1E /* SceneDelegate.swift */,
			);
			path = Delegate;
			sourceTree = "<group>";
		};
		92623E5026BD68C800011B1E /* Config */ = {
			isa = PBXGroup;
			children = (
				92623E4626BD684D00011B1E /* LaunchScreen.storyboard */,
				92623E4926BD684D00011B1E /* Info.plist */,
			);
			path = Config;
			sourceTree = "<group>";
		};
		92623E5126BD69FB00011B1E /* Library */ = {
			isa = PBXGroup;
			children = (
				92623E4426BD684D00011B1E /* Assets.xcassets */,
			);
			path = Library;
			sourceTree = "<group>";
		};
		927DA07C26D0ECA4008BBD3F /* Custom Views */ = {
			isa = PBXGroup;
			children = (
				927DA07D26D0ECC4008BBD3F /* UserPicView.swift */,
				92F5D56126DCEDFF0009132A /* GroupPicView.swift */,
				92F5D55526D399A00009132A /* isLikedView.swift */,
			);
			path = "Custom Views";
			sourceTree = "<group>";
		};
		92C32FE126CD4AAA00668213 /* Models */ = {
			isa = PBXGroup;
			children = (
				92C32FE226CD4B1D00668213 /* Friends.swift */,
				92C32FE626CD4FB800668213 /* Gallery.swift */,
				92C32FE426CD4BDD00668213 /* Groups.swift */,
			);
			path = Models;
			sourceTree = "<group>";
		};
		92C32FE826CD524400668213 /* Storage */ = {
			isa = PBXGroup;
			children = (
				92C32FE926CD526500668213 /* FriendsStorage.swift */,
				92F5D55B26DB7AF90009132A /* GroupsStorage.swift */,
			);
			path = Storage;
			sourceTree = "<group>";
		};
		92C32FEF26CE763500668213 /* UserGallery */ = {
			isa = PBXGroup;
			children = (
				92C32FF226CE767500668213 /* GalleryViewController.swift */,
				92C32FF426CE7A8C00668213 /* GalleryViewCell.swift */,
				92F5D55726D4E6050009132A /* GalleryCustomViewLayout.swift */,
				92F5D56326E0C7B30009132A /* GalleryBigViewController.swift */,
				92F5D56526E0F3DE0009132A /* BigPhotoView.swift */,
				92F5D56726E4ED720009132A /* BigPhotoViewOld.swift */,
			);
			path = UserGallery;
			sourceTree = "<group>";
		};
		92F5D56926E8E5530009132A /* ANIMATED NAVIGATION */ = {
			isa = PBXGroup;
			children = (
				92F5D57226E8EAB50009132A /* CustomNavigationAnimController.swift */,
				92F5D56C26E8E5A30009132A /* InteractiveTransition.swift */,
				92F5D56E26E8E5B10009132A /* PushAnimator.swift */,
				92F5D56F26E8E5B10009132A /* PopAnimator.swift */,
			);
			path = "ANIMATED NAVIGATION";
			sourceTree = "<group>";
		};
/* End PBXGroup section */

/* Begin PBXNativeTarget section */
		92623E3726BD684B00011B1E /* GoodFriends */ = {
			isa = PBXNativeTarget;
			buildConfigurationList = 92623E4C26BD684D00011B1E /* Build configuration list for PBXNativeTarget "GoodFriends" */;
			buildPhases = (
				92623E3426BD684B00011B1E /* Sources */,
				92623E3526BD684B00011B1E /* Frameworks */,
				92623E3626BD684B00011B1E /* Resources */,
			);
			buildRules = (
			);
			dependencies = (
			);
			name = GoodFriends;
			productName = GoodWeather;
			productReference = 92623E3826BD684B00011B1E /* GoodFriends.app */;
			productType = "com.apple.product-type.application";
		};
/* End PBXNativeTarget section */

/* Begin PBXProject section */
		92623E3026BD684B00011B1E /* Project object */ = {
			isa = PBXProject;
			attributes = {
				LastSwiftUpdateCheck = 1250;
				LastUpgradeCheck = 1250;
				TargetAttributes = {
					92623E3726BD684B00011B1E = {
						CreatedOnToolsVersion = 12.5.1;
					};
				};
			};
			buildConfigurationList = 92623E3326BD684B00011B1E /* Build configuration list for PBXProject "GoodFriends" */;
			compatibilityVersion = "Xcode 9.3";
			developmentRegion = en;
			hasScannedForEncodings = 0;
			knownRegions = (
				en,
				Base,
			);
			mainGroup = 92623E2F26BD684B00011B1E;
			productRefGroup = 92623E3926BD684B00011B1E /* Products */;
			projectDirPath = "";
			projectRoot = "";
			targets = (
				92623E3726BD684B00011B1E /* GoodFriends */,
			);
		};
/* End PBXProject section */

/* Begin PBXResourcesBuildPhase section */
		92623E3626BD684B00011B1E /* Resources */ = {
			isa = PBXResourcesBuildPhase;
			buildActionMask = 2147483647;
			files = (
				92623E4826BD684D00011B1E /* LaunchScreen.storyboard in Resources */,
				92623E4526BD684D00011B1E /* Assets.xcassets in Resources */,
				92623E4326BD684B00011B1E /* Main.storyboard in Resources */,
			);
			runOnlyForDeploymentPostprocessing = 0;
		};
/* End PBXResourcesBuildPhase section */

/* Begin PBXSourcesBuildPhase section */
		92623E3426BD684B00011B1E /* Sources */ = {
			isa = PBXSourcesBuildPhase;
			buildActionMask = 2147483647;
			files = (
				92F5D55A26D662B00009132A /*   allUsersHeaderViewCell.swift in Sources */,
				92F5D56426E0C7B40009132A /* GalleryBigViewController.swift in Sources */,
				92F5D57126E8E5B10009132A /* PopAnimator.swift in Sources */,
				92F5D57326E8EAB50009132A /* CustomNavigationAnimController.swift in Sources */,
				9260A23326C15A9900408272 /* LoginViewController.swift in Sources */,
				92F5D56D26E8E5A30009132A /* InteractiveTransition.swift in Sources */,
				92F5D57026E8E5B10009132A /* PushAnimator.swift in Sources */,
				92C32FEE26CE412300668213 /* allUsersViewCell.swift in Sources */,
				924151F426C553AE0018F403 /* MyGroupsViewController.swift in Sources */,
				924151EB26C537920018F403 /* FriendsViewController.swift in Sources */,
				92F5D56626E0F3DE0009132A /* BigPhotoView.swift in Sources */,
				92C32FE526CD4BDD00668213 /* Groups.swift in Sources */,
				92C32FF326CE767500668213 /* GalleryViewController.swift in Sources */,
				924151FA26C559550018F403 /* GroupTableViewCell.swift in Sources */,
				92F5D57526FC621F0009132A /* SingletoneSession.swift in Sources */,
				92F5D56826E4ED730009132A /* BigPhotoViewOld.swift in Sources */,
				92F5D56026DB7C620009132A /* AllGroupsViewCell.swift in Sources */,
				92C32FE726CD4FB800668213 /* Gallery.swift in Sources */,
				92C32FEC26CD672000668213 /* AllUsersViewController.swift in Sources */,
				92C32FE326CD4B1D00668213 /* Friends.swift in Sources */,
				927DA07E26D0ECC4008BBD3F /* UserPicView.swift in Sources */,
				92623E4026BD684B00011B1E /* ViewController.swift in Sources */,
				92C32FF526CE7A8C00668213 /* GalleryViewCell.swift in Sources */,
				92F5D55E26DB7C490009132A /* AllGroupsViewController.swift in Sources */,
				924151EE26C53AB10018F403 /* FriendsTableViewCell.swift in Sources */,
				92F5D55626D399A00009132A /* isLikedView.swift in Sources */,
				92623E3C26BD684B00011B1E /* AppDelegate.swift in Sources */,
				92F5D55C26DB7AF90009132A /* GroupsStorage.swift in Sources */,
				92F5D55826D4E6060009132A /* GalleryCustomViewLayout.swift in Sources */,
				92623E3E26BD684B00011B1E /* SceneDelegate.swift in Sources */,
				92F5D56226DCEDFF0009132A /* GroupPicView.swift in Sources */,
				92C32FEA26CD526500668213 /* FriendsStorage.swift in Sources */,
			);
			runOnlyForDeploymentPostprocessing = 0;
		};
/* End PBXSourcesBuildPhase section */

/* Begin PBXVariantGroup section */
		92623E4126BD684B00011B1E /* Main.storyboard */ = {
			isa = PBXVariantGroup;
			children = (
				92623E4226BD684B00011B1E /* Base */,
			);
			name = Main.storyboard;
			sourceTree = "<group>";
		};
		92623E4626BD684D00011B1E /* LaunchScreen.storyboard */ = {
			isa = PBXVariantGroup;
			children = (
				92623E4726BD684D00011B1E /* Base */,
			);
			name = LaunchScreen.storyboard;
			sourceTree = "<group>";
		};
/* End PBXVariantGroup section */

/* Begin XCBuildConfiguration section */
		92623E4A26BD684D00011B1E /* Debug */ = {
			isa = XCBuildConfiguration;
			buildSettings = {
				ALWAYS_SEARCH_USER_PATHS = NO;
				CLANG_ANALYZER_NONNULL = YES;
				CLANG_ANALYZER_NUMBER_OBJECT_CONVERSION = YES_AGGRESSIVE;
				CLANG_CXX_LANGUAGE_STANDARD = "gnu++14";
				CLANG_CXX_LIBRARY = "libc++";
				CLANG_ENABLE_MODULES = YES;
				CLANG_ENABLE_OBJC_ARC = YES;
				CLANG_ENABLE_OBJC_WEAK = YES;
				CLANG_WARN_BLOCK_CAPTURE_AUTORELEASING = YES;
				CLANG_WARN_BOOL_CONVERSION = YES;
				CLANG_WARN_COMMA = YES;
				CLANG_WARN_CONSTANT_CONVERSION = YES;
				CLANG_WARN_DEPRECATED_OBJC_IMPLEMENTATIONS = YES;
				CLANG_WARN_DIRECT_OBJC_ISA_USAGE = YES_ERROR;
				CLANG_WARN_DOCUMENTATION_COMMENTS = YES;
				CLANG_WARN_EMPTY_BODY = YES;
				CLANG_WARN_ENUM_CONVERSION = YES;
				CLANG_WARN_INFINITE_RECURSION = YES;
				CLANG_WARN_INT_CONVERSION = YES;
				CLANG_WARN_NON_LITERAL_NULL_CONVERSION = YES;
				CLANG_WARN_OBJC_IMPLICIT_RETAIN_SELF = YES;
				CLANG_WARN_OBJC_LITERAL_CONVERSION = YES;
				CLANG_WARN_OBJC_ROOT_CLASS = YES_ERROR;
				CLANG_WARN_QUOTED_INCLUDE_IN_FRAMEWORK_HEADER = YES;
				CLANG_WARN_RANGE_LOOP_ANALYSIS = YES;
				CLANG_WARN_STRICT_PROTOTYPES = YES;
				CLANG_WARN_SUSPICIOUS_MOVE = YES;
				CLANG_WARN_UNGUARDED_AVAILABILITY = YES_AGGRESSIVE;
				CLANG_WARN_UNREACHABLE_CODE = YES;
				CLANG_WARN__DUPLICATE_METHOD_MATCH = YES;
				COPY_PHASE_STRIP = NO;
				DEBUG_INFORMATION_FORMAT = dwarf;
				ENABLE_STRICT_OBJC_MSGSEND = YES;
				ENABLE_TESTABILITY = YES;
				GCC_C_LANGUAGE_STANDARD = gnu11;
				GCC_DYNAMIC_NO_PIC = NO;
				GCC_NO_COMMON_BLOCKS = YES;
				GCC_OPTIMIZATION_LEVEL = 0;
				GCC_PREPROCESSOR_DEFINITIONS = (
					"DEBUG=1",
					"$(inherited)",
				);
				GCC_WARN_64_TO_32_BIT_CONVERSION = YES;
				GCC_WARN_ABOUT_RETURN_TYPE = YES_ERROR;
				GCC_WARN_UNDECLARED_SELECTOR = YES;
				GCC_WARN_UNINITIALIZED_AUTOS = YES_AGGRESSIVE;
				GCC_WARN_UNUSED_FUNCTION = YES;
				GCC_WARN_UNUSED_VARIABLE = YES;
				IPHONEOS_DEPLOYMENT_TARGET = 14.5;
				MTL_ENABLE_DEBUG_INFO = INCLUDE_SOURCE;
				MTL_FAST_MATH = YES;
				ONLY_ACTIVE_ARCH = YES;
				SDKROOT = iphoneos;
				SWIFT_ACTIVE_COMPILATION_CONDITIONS = DEBUG;
				SWIFT_OPTIMIZATION_LEVEL = "-Onone";
			};
			name = Debug;
		};
		92623E4B26BD684D00011B1E /* Release */ = {
			isa = XCBuildConfiguration;
			buildSettings = {
				ALWAYS_SEARCH_USER_PATHS = NO;
				CLANG_ANALYZER_NONNULL = YES;
				CLANG_ANALYZER_NUMBER_OBJECT_CONVERSION = YES_AGGRESSIVE;
				CLANG_CXX_LANGUAGE_STANDARD = "gnu++14";
				CLANG_CXX_LIBRARY = "libc++";
				CLANG_ENABLE_MODULES = YES;
				CLANG_ENABLE_OBJC_ARC = YES;
				CLANG_ENABLE_OBJC_WEAK = YES;
				CLANG_WARN_BLOCK_CAPTURE_AUTORELEASING = YES;
				CLANG_WARN_BOOL_CONVERSION = YES;
				CLANG_WARN_COMMA = YES;
				CLANG_WARN_CONSTANT_CONVERSION = YES;
				CLANG_WARN_DEPRECATED_OBJC_IMPLEMENTATIONS = YES;
				CLANG_WARN_DIRECT_OBJC_ISA_USAGE = YES_ERROR;
				CLANG_WARN_DOCUMENTATION_COMMENTS = YES;
				CLANG_WARN_EMPTY_BODY = YES;
				CLANG_WARN_ENUM_CONVERSION = YES;
				CLANG_WARN_INFINITE_RECURSION = YES;
				CLANG_WARN_INT_CONVERSION = YES;
				CLANG_WARN_NON_LITERAL_NULL_CONVERSION = YES;
				CLANG_WARN_OBJC_IMPLICIT_RETAIN_SELF = YES;
				CLANG_WARN_OBJC_LITERAL_CONVERSION = YES;
				CLANG_WARN_OBJC_ROOT_CLASS = YES_ERROR;
				CLANG_WARN_QUOTED_INCLUDE_IN_FRAMEWORK_HEADER = YES;
				CLANG_WARN_RANGE_LOOP_ANALYSIS = YES;
				CLANG_WARN_STRICT_PROTOTYPES = YES;
				CLANG_WARN_SUSPICIOUS_MOVE = YES;
				CLANG_WARN_UNGUARDED_AVAILABILITY = YES_AGGRESSIVE;
				CLANG_WARN_UNREACHABLE_CODE = YES;
				CLANG_WARN__DUPLICATE_METHOD_MATCH = YES;
				COPY_PHASE_STRIP = NO;
				DEBUG_INFORMATION_FORMAT = "dwarf-with-dsym";
				ENABLE_NS_ASSERTIONS = NO;
				ENABLE_STRICT_OBJC_MSGSEND = YES;
				GCC_C_LANGUAGE_STANDARD = gnu11;
				GCC_NO_COMMON_BLOCKS = YES;
				GCC_WARN_64_TO_32_BIT_CONVERSION = YES;
				GCC_WARN_ABOUT_RETURN_TYPE = YES_ERROR;
				GCC_WARN_UNDECLARED_SELECTOR = YES;
				GCC_WARN_UNINITIALIZED_AUTOS = YES_AGGRESSIVE;
				GCC_WARN_UNUSED_FUNCTION = YES;
				GCC_WARN_UNUSED_VARIABLE = YES;
				IPHONEOS_DEPLOYMENT_TARGET = 14.5;
				MTL_ENABLE_DEBUG_INFO = NO;
				MTL_FAST_MATH = YES;
				SDKROOT = iphoneos;
				SWIFT_COMPILATION_MODE = wholemodule;
				SWIFT_OPTIMIZATION_LEVEL = "-O";
				VALIDATE_PRODUCT = YES;
			};
			name = Release;
		};
		92623E4D26BD684D00011B1E /* Debug */ = {
			isa = XCBuildConfiguration;
			buildSettings = {
				ASSETCATALOG_COMPILER_APPICON_NAME = AppIcon;
				ASSETCATALOG_COMPILER_GLOBAL_ACCENT_COLOR_NAME = AccentColor;
				CODE_SIGN_STYLE = Automatic;
				DEVELOPMENT_TEAM = 6GJQB9ZN9C;
				INFOPLIST_FILE = GoodWeather/Config/Info.plist;
				LD_RUNPATH_SEARCH_PATHS = (
					"$(inherited)",
					"@executable_path/Frameworks",
				);
				PRODUCT_BUNDLE_IDENTIFIER = GattoKnife.GoodWeather;
				PRODUCT_NAME = "$(TARGET_NAME)";
				SWIFT_VERSION = 5.0;
				TARGETED_DEVICE_FAMILY = "1,2";
			};
			name = Debug;
		};
		92623E4E26BD684D00011B1E /* Release */ = {
			isa = XCBuildConfiguration;
			buildSettings = {
				ASSETCATALOG_COMPILER_APPICON_NAME = AppIcon;
				ASSETCATALOG_COMPILER_GLOBAL_ACCENT_COLOR_NAME = AccentColor;
				CODE_SIGN_STYLE = Automatic;
				DEVELOPMENT_TEAM = 6GJQB9ZN9C;
				INFOPLIST_FILE = GoodWeather/Config/Info.plist;
				LD_RUNPATH_SEARCH_PATHS = (
					"$(inherited)",
					"@executable_path/Frameworks",
				);
				PRODUCT_BUNDLE_IDENTIFIER = GattoKnife.GoodWeather;
				PRODUCT_NAME = "$(TARGET_NAME)";
				SWIFT_VERSION = 5.0;
				TARGETED_DEVICE_FAMILY = "1,2";
			};
			name = Release;
		};
/* End XCBuildConfiguration section */

/* Begin XCConfigurationList section */
		92623E3326BD684B00011B1E /* Build configuration list for PBXProject "GoodFriends" */ = {
			isa = XCConfigurationList;
			buildConfigurations = (
				92623E4A26BD684D00011B1E /* Debug */,
				92623E4B26BD684D00011B1E /* Release */,
			);
			defaultConfigurationIsVisible = 0;
			defaultConfigurationName = Release;
		};
		92623E4C26BD684D00011B1E /* Build configuration list for PBXNativeTarget "GoodFriends" */ = {
			isa = XCConfigurationList;
			buildConfigurations = (
				92623E4D26BD684D00011B1E /* Debug */,
				92623E4E26BD684D00011B1E /* Release */,
			);
			defaultConfigurationIsVisible = 0;
			defaultConfigurationName = Release;
		};
/* End XCConfigurationList section */
	};
	rootObject = 92623E3026BD684B00011B1E /* Project object */;
}
